
Microsoft Visual Studio Solution File, Format Version 12.00
# Visual Studio Version 16
VisualStudioVersion = 16.0.32407.337
MinimumVisualStudioVersion = 10.0.40219.1
Project("{FAE04EC0-301F-11D3-BF4B-00C04F79EFBC}") = "MoveObject", "MoveObject\MoveObject.csproj", "{6680D1DC-BB4C-49F5-9636-A2D2AFCACFC7}"
EndProject
Global
	GlobalSection(SolutionConfigurationPlatforms) = preSolution
		Debug|Any CPU = Debug|Any CPU
		Release|Any CPU = Release|Any CPU
	EndGlobalSection
	GlobalSection(ProjectConfigurationPlatforms) = postSolution
		{6680D1DC-BB4C-49F5-9636-A2D2AFCACFC7}.Debug|Any CPU.ActiveCfg = Debug|Any CPU
		{6680D1DC-BB4C-49F5-9636-A2D2AFCACFC7}.Debug|Any CPU.Build.0 = Debug|Any CPU
		{6680D1DC-BB4C-49F5-9636-A2D2AFCACFC7}.Release|Any CPU.ActiveCfg = Release|Any CPU
		{6680D1DC-BB4C-49F5-9636-A2D2AFCACFC7}.Release|Any CPU.Build.0 = Release|Any CPU
	EndGlobalSection
	GlobalSection(SolutionProperties) = preSolution
		HideSolutionNode = FALSE
	EndGlobalSection
	GlobalSection(ExtensibilityGlobals) = postSolution
		SolutionGuid = {2D38CA22-D727-47A7-B06D-A31F893A19B2}
	EndGlobalSection
EndGlobal
