
Microsoft Visual Studio Solution File, Format Version 12.00
# Visual Studio Version 16
VisualStudioVersion = 16.0.32407.337
MinimumVisualStudioVersion = 10.0.40219.1
Project("{FAE04EC0-301F-11D3-BF4B-00C04F79EFBC}") = "BTTLC2_SimpleCalculator", "BTTLC2_SimpleCalculator\BTTLC2_SimpleCalculator.csproj", "{4B1B2F27-5943-4AB4-AD49-139365EB0BB3}"
EndProject
Global
	GlobalSection(SolutionConfigurationPlatforms) = preSolution
		Debug|Any CPU = Debug|Any CPU
		Release|Any CPU = Release|Any CPU
	EndGlobalSection
	GlobalSection(ProjectConfigurationPlatforms) = postSolution
		{4B1B2F27-5943-4AB4-AD49-139365EB0BB3}.Debug|Any CPU.ActiveCfg = Debug|Any CPU
		{4B1B2F27-5943-4AB4-AD49-139365EB0BB3}.Debug|Any CPU.Build.0 = Debug|Any CPU
		{4B1B2F27-5943-4AB4-AD49-139365EB0BB3}.Release|Any CPU.ActiveCfg = Release|Any CPU
		{4B1B2F27-5943-4AB4-AD49-139365EB0BB3}.Release|Any CPU.Build.0 = Release|Any CPU
	EndGlobalSection
	GlobalSection(SolutionProperties) = preSolution
		HideSolutionNode = FALSE
	EndGlobalSection
	GlobalSection(ExtensibilityGlobals) = postSolution
		SolutionGuid = {ED1E5467-B430-4B63-A980-16417F21BC07}
	EndGlobalSection
EndGlobal
