
Microsoft Visual Studio Solution File, Format Version 12.00
# Visual Studio Version 16
VisualStudioVersion = 16.0.32407.337
MinimumVisualStudioVersion = 10.0.40219.1
Project("{FAE04EC0-301F-11D3-BF4B-00C04F79EFBC}") = "BaiTapTuLamC1", "BaiTapTuLamC1\BaiTapTuLamC1.csproj", "{6B700A8B-E1A7-426D-B571-59851B6B9383}"
EndProject
Project("{54435603-DBB4-11D2-8724-00A0C9A8B90C}") = "AnimalsSetup", "AnimalsSetup\AnimalsSetup.vdproj", "{0C1AE5F0-8D1F-4CA7-8B2A-A85183F88E8E}"
EndProject
Global
	GlobalSection(SolutionConfigurationPlatforms) = preSolution
		Debug|Any CPU = Debug|Any CPU
		Release|Any CPU = Release|Any CPU
	EndGlobalSection
	GlobalSection(ProjectConfigurationPlatforms) = postSolution
		{6B700A8B-E1A7-426D-B571-59851B6B9383}.Debug|Any CPU.ActiveCfg = Debug|Any CPU
		{6B700A8B-E1A7-426D-B571-59851B6B9383}.Debug|Any CPU.Build.0 = Debug|Any CPU
		{6B700A8B-E1A7-426D-B571-59851B6B9383}.Release|Any CPU.ActiveCfg = Release|Any CPU
		{6B700A8B-E1A7-426D-B571-59851B6B9383}.Release|Any CPU.Build.0 = Release|Any CPU
		{0C1AE5F0-8D1F-4CA7-8B2A-A85183F88E8E}.Debug|Any CPU.ActiveCfg = Debug
		{0C1AE5F0-8D1F-4CA7-8B2A-A85183F88E8E}.Release|Any CPU.ActiveCfg = Release
	EndGlobalSection
	GlobalSection(SolutionProperties) = preSolution
		HideSolutionNode = FALSE
	EndGlobalSection
	GlobalSection(ExtensibilityGlobals) = postSolution
		SolutionGuid = {1913BA96-F26F-4A3F-A390-79F355BFF45D}
	EndGlobalSection
EndGlobal
