
Microsoft Visual Studio Solution File, Format Version 12.00
# Visual Studio Version 16
VisualStudioVersion = 16.0.32407.337
MinimumVisualStudioVersion = 10.0.40219.1
Project("{FAE04EC0-301F-11D3-BF4B-00C04F79EFBC}") = "BTTLC7_ListViewDemo", "BTTLC7_ListViewDemo\BTTLC7_ListViewDemo.csproj", "{B00C5BBD-F2FC-4979-8DAA-B3A878BA0F94}"
EndProject
Global
	GlobalSection(SolutionConfigurationPlatforms) = preSolution
		Debug|Any CPU = Debug|Any CPU
		Release|Any CPU = Release|Any CPU
	EndGlobalSection
	GlobalSection(ProjectConfigurationPlatforms) = postSolution
		{B00C5BBD-F2FC-4979-8DAA-B3A878BA0F94}.Debug|Any CPU.ActiveCfg = Debug|Any CPU
		{B00C5BBD-F2FC-4979-8DAA-B3A878BA0F94}.Debug|Any CPU.Build.0 = Debug|Any CPU
		{B00C5BBD-F2FC-4979-8DAA-B3A878BA0F94}.Release|Any CPU.ActiveCfg = Release|Any CPU
		{B00C5BBD-F2FC-4979-8DAA-B3A878BA0F94}.Release|Any CPU.Build.0 = Release|Any CPU
	EndGlobalSection
	GlobalSection(SolutionProperties) = preSolution
		HideSolutionNode = FALSE
	EndGlobalSection
	GlobalSection(ExtensibilityGlobals) = postSolution
		SolutionGuid = {3951A585-3F42-429D-9332-6043CAD40497}
	EndGlobalSection
EndGlobal
