
Microsoft Visual Studio Solution File, Format Version 12.00
# Visual Studio Version 16
VisualStudioVersion = 16.0.32407.337
MinimumVisualStudioVersion = 10.0.40219.1
Project("{FAE04EC0-301F-11D3-BF4B-00C04F79EFBC}") = "BaiTapTuLamC2", "BaiTapTuLamC2\BaiTapTuLamC2.csproj", "{B5330F9D-7619-4D0C-A6FB-754FE1446FC1}"
EndProject
Global
	GlobalSection(SolutionConfigurationPlatforms) = preSolution
		Debug|Any CPU = Debug|Any CPU
		Release|Any CPU = Release|Any CPU
	EndGlobalSection
	GlobalSection(ProjectConfigurationPlatforms) = postSolution
		{B5330F9D-7619-4D0C-A6FB-754FE1446FC1}.Debug|Any CPU.ActiveCfg = Debug|Any CPU
		{B5330F9D-7619-4D0C-A6FB-754FE1446FC1}.Debug|Any CPU.Build.0 = Debug|Any CPU
		{B5330F9D-7619-4D0C-A6FB-754FE1446FC1}.Release|Any CPU.ActiveCfg = Release|Any CPU
		{B5330F9D-7619-4D0C-A6FB-754FE1446FC1}.Release|Any CPU.Build.0 = Release|Any CPU
	EndGlobalSection
	GlobalSection(SolutionProperties) = preSolution
		HideSolutionNode = FALSE
	EndGlobalSection
	GlobalSection(ExtensibilityGlobals) = postSolution
		SolutionGuid = {05042CA2-C85C-401C-A56C-00D9B89491B2}
	EndGlobalSection
EndGlobal
