
Microsoft Visual Studio Solution File, Format Version 12.00
# Visual Studio Version 16
VisualStudioVersion = 16.0.32407.337
MinimumVisualStudioVersion = 10.0.40219.1
Project("{FAE04EC0-301F-11D3-BF4B-00C04F79EFBC}") = "Chuongtrinhdautien", "Chuongtrinhdautien\Chuongtrinhdautien.csproj", "{BDCE920B-D71F-4914-B087-A9049BAD22E0}"
EndProject
Global
	GlobalSection(SolutionConfigurationPlatforms) = preSolution
		Debug|Any CPU = Debug|Any CPU
		Release|Any CPU = Release|Any CPU
	EndGlobalSection
	GlobalSection(ProjectConfigurationPlatforms) = postSolution
		{BDCE920B-D71F-4914-B087-A9049BAD22E0}.Debug|Any CPU.ActiveCfg = Debug|Any CPU
		{BDCE920B-D71F-4914-B087-A9049BAD22E0}.Debug|Any CPU.Build.0 = Debug|Any CPU
		{BDCE920B-D71F-4914-B087-A9049BAD22E0}.Release|Any CPU.ActiveCfg = Release|Any CPU
		{BDCE920B-D71F-4914-B087-A9049BAD22E0}.Release|Any CPU.Build.0 = Release|Any CPU
	EndGlobalSection
	GlobalSection(SolutionProperties) = preSolution
		HideSolutionNode = FALSE
	EndGlobalSection
	GlobalSection(ExtensibilityGlobals) = postSolution
		SolutionGuid = {EA42B76B-D149-4E6B-A484-5A0A1F622EF2}
	EndGlobalSection
EndGlobal
