
Microsoft Visual Studio Solution File, Format Version 12.00
# Visual Studio Version 16
VisualStudioVersion = 16.0.32407.337
MinimumVisualStudioVersion = 10.0.40219.1
Project("{FAE04EC0-301F-11D3-BF4B-00C04F79EFBC}") = "TroChoiXucXac", "TroChoiXucXac\TroChoiXucXac.csproj", "{D29E5F73-E981-4E1F-87F8-48D12AC8EBB8}"
EndProject
Global
	GlobalSection(SolutionConfigurationPlatforms) = preSolution
		Debug|Any CPU = Debug|Any CPU
		Release|Any CPU = Release|Any CPU
	EndGlobalSection
	GlobalSection(ProjectConfigurationPlatforms) = postSolution
		{D29E5F73-E981-4E1F-87F8-48D12AC8EBB8}.Debug|Any CPU.ActiveCfg = Debug|Any CPU
		{D29E5F73-E981-4E1F-87F8-48D12AC8EBB8}.Debug|Any CPU.Build.0 = Debug|Any CPU
		{D29E5F73-E981-4E1F-87F8-48D12AC8EBB8}.Release|Any CPU.ActiveCfg = Release|Any CPU
		{D29E5F73-E981-4E1F-87F8-48D12AC8EBB8}.Release|Any CPU.Build.0 = Release|Any CPU
	EndGlobalSection
	GlobalSection(SolutionProperties) = preSolution
		HideSolutionNode = FALSE
	EndGlobalSection
	GlobalSection(ExtensibilityGlobals) = postSolution
		SolutionGuid = {B43BB0A0-244B-4C11-83D6-E1F40C6FBE9B}
	EndGlobalSection
EndGlobal
